
Microsoft Visual Studio Solution File, Format Version 11.00
# Visual Basic Express 2010
Project("{F184B08F-C81C-45F6-A57F-5ABD9991F28F}") = "前n项和", "前n项和\前n项和.vbproj", "{80D94B48-119F-4086-AA38-B66CF29D3AD3}"
EndProject
Global
	GlobalSection(SolutionConfigurationPlatforms) = preSolution
		Debug|x86 = Debug|x86
		Release|x86 = Release|x86
	EndGlobalSection
	GlobalSection(ProjectConfigurationPlatforms) = postSolution
		{80D94B48-119F-4086-AA38-B66CF29D3AD3}.Debug|x86.ActiveCfg = Debug|x86
		{80D94B48-119F-4086-AA38-B66CF29D3AD3}.Debug|x86.Build.0 = Debug|x86
		{80D94B48-119F-4086-AA38-B66CF29D3AD3}.Release|x86.ActiveCfg = Release|x86
		{80D94B48-119F-4086-AA38-B66CF29D3AD3}.Release|x86.Build.0 = Release|x86
	EndGlobalSection
	GlobalSection(SolutionProperties) = preSolution
		HideSolutionNode = FALSE
	EndGlobalSection
EndGlobal
